// !$*UTF8*$!
{
	archiveVersion = 1;
	classes = {
	};
	objectVersion = 45;
	objects = {

/* Begin PBXBuildFile section */
		8DC2EF530486A6940098B216 /* InfoPlist.strings in Resources */ = {isa = PBXBuildFile; fileRef = 089C1666FE841158C02AAC07 /* InfoPlist.strings */; };
		8DC2EF570486A6940098B216 /* Cocoa.framework in Frameworks */ = {isa = PBXBuildFile; fileRef = 1058C7B1FEA5585E11CA2CBB /* Cocoa.framework */; };
		BC5A4CA0116B0A9C003B92FA /* libicucore.dylib in Frameworks */ = {isa = PBXBuildFile; fileRef = BC5A4C9F116B0A9C003B92FA /* libicucore.dylib */; };
		BC5A4CE1116B2029003B92FA /* XcodeObject.h in Headers */ = {isa = PBXBuildFile; fileRef = BC5A4CDF116B2029003B92FA /* XcodeObject.h */; };
		BC5A4CE2116B2029003B92FA /* XcodeObject.m in Sources */ = {isa = PBXBuildFile; fileRef = BC5A4CE0116B2029003B92FA /* XcodeObject.m */; };
		BC5A4CE6116B2056003B92FA /* XCConfigurationList.h in Headers */ = {isa = PBXBuildFile; fileRef = BC5A4CE4116B2056003B92FA /* XCConfigurationList.h */; };
		BC5A4CE7116B2056003B92FA /* XCConfigurationList.m in Sources */ = {isa = PBXBuildFile; fileRef = BC5A4CE5116B2056003B92FA /* XCConfigurationList.m */; };
		BC5A4CEA116B206D003B92FA /* PBXBuildFile.h in Headers */ = {isa = PBXBuildFile; fileRef = BC5A4CE8116B206D003B92FA /* PBXBuildFile.h */; };
		BC5A4CEB116B206D003B92FA /* PBXBuildFile.m in Sources */ = {isa = PBXBuildFile; fileRef = BC5A4CE9116B206D003B92FA /* PBXBuildFile.m */; };
		BC5A4CEE116B207B003B92FA /* PBXBuildPhase.h in Headers */ = {isa = PBXBuildFile; fileRef = BC5A4CEC116B207B003B92FA /* PBXBuildPhase.h */; };
		BC5A4CEF116B207B003B92FA /* PBXBuildPhase.m in Sources */ = {isa = PBXBuildFile; fileRef = BC5A4CED116B207B003B92FA /* PBXBuildPhase.m */; };
		BC5A4CF2116B2089003B92FA /* PBXContainerItemProxy.h in Headers */ = {isa = PBXBuildFile; fileRef = BC5A4CF0116B2089003B92FA /* PBXContainerItemProxy.h */; };
		BC5A4CF3116B2089003B92FA /* PBXContainerItemProxy.m in Sources */ = {isa = PBXBuildFile; fileRef = BC5A4CF1116B2089003B92FA /* PBXContainerItemProxy.m */; };
		BC5A4CF6116B2094003B92FA /* PBXGroup.h in Headers */ = {isa = PBXBuildFile; fileRef = BC5A4CF4116B2094003B92FA /* PBXGroup.h */; };
		BC5A4CF7116B2094003B92FA /* PBXGroup.m in Sources */ = {isa = PBXBuildFile; fileRef = BC5A4CF5116B2094003B92FA /* PBXGroup.m */; };
		BC5A4CFA116B20A1003B92FA /* PBXNativeTarget.h in Headers */ = {isa = PBXBuildFile; fileRef = BC5A4CF8116B20A1003B92FA /* PBXNativeTarget.h */; };
		BC5A4CFB116B20A1003B92FA /* PBXNativeTarget.m in Sources */ = {isa = PBXBuildFile; fileRef = BC5A4CF9116B20A1003B92FA /* PBXNativeTarget.m */; };
		BC5A4CFE116B20AE003B92FA /* PBXProject.h in Headers */ = {isa = PBXBuildFile; fileRef = BC5A4CFC116B20AE003B92FA /* PBXProject.h */; };
		BC5A4CFF116B20AE003B92FA /* PBXProject.m in Sources */ = {isa = PBXBuildFile; fileRef = BC5A4CFD116B20AE003B92FA /* PBXProject.m */; };
		BC5A4D02116B20C4003B92FA /* PBXTargetDependency.h in Headers */ = {isa = PBXBuildFile; fileRef = BC5A4D00116B20C4003B92FA /* PBXTargetDependency.h */; };
		BC5A4D03116B20C4003B92FA /* PBXTargetDependency.m in Sources */ = {isa = PBXBuildFile; fileRef = BC5A4D01116B20C4003B92FA /* PBXTargetDependency.m */; };
		BC5A4D28116ED765003B92FA /* PBXCopyFilesBuildPhase.h in Headers */ = {isa = PBXBuildFile; fileRef = BC5A4D26116ED765003B92FA /* PBXCopyFilesBuildPhase.h */; };
		BC5A4D29116ED765003B92FA /* PBXCopyFilesBuildPhase.m in Sources */ = {isa = PBXBuildFile; fileRef = BC5A4D27116ED765003B92FA /* PBXCopyFilesBuildPhase.m */; };
		BC5A4D2C116F08AB003B92FA /* PBXFileReference.h in Headers */ = {isa = PBXBuildFile; fileRef = BC5A4D2A116F08AB003B92FA /* PBXFileReference.h */; };
		BC5A4D2D116F08AB003B92FA /* PBXFileReference.m in Sources */ = {isa = PBXBuildFile; fileRef = BC5A4D2B116F08AB003B92FA /* PBXFileReference.m */; };
		BC5A4D30116F80F4003B92FA /* PBXFrameworksBuildPhase.h in Headers */ = {isa = PBXBuildFile; fileRef = BC5A4D2E116F80F4003B92FA /* PBXFrameworksBuildPhase.h */; };
		BC5A4D31116F80F4003B92FA /* PBXFrameworksBuildPhase.m in Sources */ = {isa = PBXBuildFile; fileRef = BC5A4D2F116F80F4003B92FA /* PBXFrameworksBuildPhase.m */; };
		BC5A4E10116F86FE003B92FA /* PBXResourcesBuildPhase.h in Headers */ = {isa = PBXBuildFile; fileRef = BC5A4E0E116F86FE003B92FA /* PBXResourcesBuildPhase.h */; };
		BC5A4E11116F86FE003B92FA /* PBXResourcesBuildPhase.m in Sources */ = {isa = PBXBuildFile; fileRef = BC5A4E0F116F86FE003B92FA /* PBXResourcesBuildPhase.m */; };
		BC5A4E14116F8738003B92FA /* PBXSourcesBuildPhase.h in Headers */ = {isa = PBXBuildFile; fileRef = BC5A4E12116F8738003B92FA /* PBXSourcesBuildPhase.h */; };
		BC5A4E15116F8738003B92FA /* PBXSourcesBuildPhase.m in Sources */ = {isa = PBXBuildFile; fileRef = BC5A4E13116F8738003B92FA /* PBXSourcesBuildPhase.m */; };
		BC5A4E18116F8774003B92FA /* PBXVariantGroup.h in Headers */ = {isa = PBXBuildFile; fileRef = BC5A4E16116F8774003B92FA /* PBXVariantGroup.h */; };
		BC5A4E19116F8774003B92FA /* PBXVariantGroup.m in Sources */ = {isa = PBXBuildFile; fileRef = BC5A4E17116F8774003B92FA /* PBXVariantGroup.m */; };
		BC5A4E1C116F87A5003B92FA /* XCBuildConfiguration.h in Headers */ = {isa = PBXBuildFile; fileRef = BC5A4E1A116F87A5003B92FA /* XCBuildConfiguration.h */; };
		BC5A4E1D116F87A5003B92FA /* XCBuildConfiguration.m in Sources */ = {isa = PBXBuildFile; fileRef = BC5A4E1B116F87A5003B92FA /* XCBuildConfiguration.m */; };
		BC5A4E341170315B003B92FA /* XCVersionGroup.h in Headers */ = {isa = PBXBuildFile; fileRef = BC5A4E321170315B003B92FA /* XCVersionGroup.h */; };
		BC5A4E351170315B003B92FA /* XCVersionGroup.m in Sources */ = {isa = PBXBuildFile; fileRef = BC5A4E331170315B003B92FA /* XCVersionGroup.m */; };
		BC5A4E5611703312003B92FA /* PBXShellScriptBuildPhase.h in Headers */ = {isa = PBXBuildFile; fileRef = BC5A4E5411703312003B92FA /* PBXShellScriptBuildPhase.h */; };
		BC5A4E5711703312003B92FA /* PBXShellScriptBuildPhase.m in Sources */ = {isa = PBXBuildFile; fileRef = BC5A4E5511703312003B92FA /* PBXShellScriptBuildPhase.m */; };
		BC5A4E6F11703417003B92FA /* PBXReferenceProxy.h in Headers */ = {isa = PBXBuildFile; fileRef = BC5A4E6D11703417003B92FA /* PBXReferenceProxy.h */; };
		BC5A4E7011703417003B92FA /* PBXReferenceProxy.m in Sources */ = {isa = PBXBuildFile; fileRef = BC5A4E6E11703417003B92FA /* PBXReferenceProxy.m */; };
		BC5A4E86117035B9003B92FA /* PBXAggregateTarget.h in Headers */ = {isa = PBXBuildFile; fileRef = BC5A4E84117035B9003B92FA /* PBXAggregateTarget.h */; };
		BC5A4E87117035B9003B92FA /* PBXAggregateTarget.m in Sources */ = {isa = PBXBuildFile; fileRef = BC5A4E85117035B9003B92FA /* PBXAggregateTarget.m */; };
		BC9FEE231165D31100FC8C7E /* SYPBXProjLexer.h in Headers */ = {isa = PBXBuildFile; fileRef = BC9FEE211165D31100FC8C7E /* SYPBXProjLexer.h */; };
		BC9FEE241165D31100FC8C7E /* SYPBXProjLexer.m in Sources */ = {isa = PBXBuildFile; fileRef = BC9FEE221165D31100FC8C7E /* SYPBXProjLexer.m */; };
		BC9FEE271165D31E00FC8C7E /* SYPBXProjParser.h in Headers */ = {isa = PBXBuildFile; fileRef = BC9FEE251165D31E00FC8C7E /* SYPBXProjParser.h */; };
		BC9FEE281165D31E00FC8C7E /* SYPBXProjParser.m in Sources */ = {isa = PBXBuildFile; fileRef = BC9FEE261165D31E00FC8C7E /* SYPBXProjParser.m */; };
		BC9FEE2B1165D33000FC8C7E /* SYPBXProjArchiver.h in Headers */ = {isa = PBXBuildFile; fileRef = BC9FEE291165D33000FC8C7E /* SYPBXProjArchiver.h */; };
		BC9FEE2C1165D33000FC8C7E /* SYPBXProjArchiver.m in Sources */ = {isa = PBXBuildFile; fileRef = BC9FEE2A1165D33000FC8C7E /* SYPBXProjArchiver.m */; };
		BC9FEE2F1165D33800FC8C7E /* SYPBXProjEncoder.h in Headers */ = {isa = PBXBuildFile; fileRef = BC9FEE2D1165D33800FC8C7E /* SYPBXProjEncoder.h */; };
		BC9FEE301165D33800FC8C7E /* SYPBXProjEncoder.m in Sources */ = {isa = PBXBuildFile; fileRef = BC9FEE2E1165D33800FC8C7E /* SYPBXProjEncoder.m */; };
		BC9FEE331165D34A00FC8C7E /* SYPBXProjPaths.h in Headers */ = {isa = PBXBuildFile; fileRef = BC9FEE311165D34A00FC8C7E /* SYPBXProjPaths.h */; };
		BC9FEE341165D34A00FC8C7E /* SYPBXProjPaths.m in Sources */ = {isa = PBXBuildFile; fileRef = BC9FEE321165D34A00FC8C7E /* SYPBXProjPaths.m */; };
		BC9FEE371165D7FE00FC8C7E /* RegexKitLite.m in Sources */ = {isa = PBXBuildFile; fileRef = BC9FEE351165D7FE00FC8C7E /* RegexKitLite.m */; };
		BC9FEE381165D7FE00FC8C7E /* RegexKitLite.h in Headers */ = {isa = PBXBuildFile; fileRef = BC9FEE361165D7FE00FC8C7E /* RegexKitLite.h */; };
		BCD846261191DA4000D5234C /* SYXCProjFileUtils.h in Headers */ = {isa = PBXBuildFile; fileRef = BCD846241191DA4000D5234C /* SYXCProjFileUtils.h */; };
		BCD846271191DA4000D5234C /* SYXCProjFileUtils.m in Sources */ = {isa = PBXBuildFile; fileRef = BCD846251191DA4000D5234C /* SYXCProjFileUtils.m */; };
		BCE642231328E19600DD2F43 /* PBXHeadersBuildPhase.h in Headers */ = {isa = PBXBuildFile; fileRef = BCE642211328E19600DD2F43 /* PBXHeadersBuildPhase.h */; };
		BCE642241328E19600DD2F43 /* PBXHeadersBuildPhase.m in Sources */ = {isa = PBXBuildFile; fileRef = BCE642221328E19600DD2F43 /* PBXHeadersBuildPhase.m */; };
/* End PBXBuildFile section */

/* Begin PBXFileReference section */
		0867D69BFE84028FC02AAC07 /* Foundation.framework */ = {isa = PBXFileReference; lastKnownFileType = wrapper.framework; name = Foundation.framework; path = /System/Library/Frameworks/Foundation.framework; sourceTree = "<absolute>"; };
		0867D6A5FE840307C02AAC07 /* AppKit.framework */ = {isa = PBXFileReference; lastKnownFileType = wrapper.framework; name = AppKit.framework; path = /System/Library/Frameworks/AppKit.framework; sourceTree = "<absolute>"; };
		089C1667FE841158C02AAC07 /* English */ = {isa = PBXFileReference; fileEncoding = 10; lastKnownFileType = text.plist.strings; name = English; path = English.lproj/InfoPlist.strings; sourceTree = "<group>"; };
		1058C7B1FEA5585E11CA2CBB /* Cocoa.framework */ = {isa = PBXFileReference; lastKnownFileType = wrapper.framework; name = Cocoa.framework; path = /System/Library/Frameworks/Cocoa.framework; sourceTree = "<absolute>"; };
		32DBCF5E0370ADEE00C91783 /* XcodeProjectEditor_Prefix.pch */ = {isa = PBXFileReference; fileEncoding = 4; lastKnownFileType = sourcecode.c.h; path = XcodeProjectEditor_Prefix.pch; sourceTree = "<group>"; };
		8DC2EF5A0486A6940098B216 /* Info.plist */ = {isa = PBXFileReference; fileEncoding = 4; lastKnownFileType = text.plist.xml; path = Info.plist; sourceTree = "<group>"; };
		8DC2EF5B0486A6940098B216 /* XcodeProjectEditor.framework */ = {isa = PBXFileReference; explicitFileType = wrapper.framework; includeInIndex = 0; path = XcodeProjectEditor.framework; sourceTree = BUILT_PRODUCTS_DIR; };
		BC5A4C9F116B0A9C003B92FA /* libicucore.dylib */ = {isa = PBXFileReference; lastKnownFileType = "compiled.mach-o.dylib"; name = libicucore.dylib; path = /usr/lib/libicucore.dylib; sourceTree = "<absolute>"; };
		BC5A4CDF116B2029003B92FA /* XcodeObject.h */ = {isa = PBXFileReference; fileEncoding = 4; lastKnownFileType = sourcecode.c.h; path = XcodeObject.h; sourceTree = "<group>"; };
		BC5A4CE0116B2029003B92FA /* XcodeObject.m */ = {isa = PBXFileReference; fileEncoding = 4; lastKnownFileType = sourcecode.c.objc; path = XcodeObject.m; sourceTree = "<group>"; };
		BC5A4CE4116B2056003B92FA /* XCConfigurationList.h */ = {isa = PBXFileReference; fileEncoding = 4; lastKnownFileType = sourcecode.c.h; path = XCConfigurationList.h; sourceTree = "<group>"; };
		BC5A4CE5116B2056003B92FA /* XCConfigurationList.m */ = {isa = PBXFileReference; fileEncoding = 4; lastKnownFileType = sourcecode.c.objc; path = XCConfigurationList.m; sourceTree = "<group>"; };
		BC5A4CE8116B206D003B92FA /* PBXBuildFile.h */ = {isa = PBXFileReference; fileEncoding = 4; lastKnownFileType = sourcecode.c.h; path = PBXBuildFile.h; sourceTree = "<group>"; };
		BC5A4CE9116B206D003B92FA /* PBXBuildFile.m */ = {isa = PBXFileReference; fileEncoding = 4; lastKnownFileType = sourcecode.c.objc; path = PBXBuildFile.m; sourceTree = "<group>"; };
		BC5A4CEC116B207B003B92FA /* PBXBuildPhase.h */ = {isa = PBXFileReference; fileEncoding = 4; lastKnownFileType = sourcecode.c.h; path = PBXBuildPhase.h; sourceTree = "<group>"; };
		BC5A4CED116B207B003B92FA /* PBXBuildPhase.m */ = {isa = PBXFileReference; fileEncoding = 4; lastKnownFileType = sourcecode.c.objc; path = PBXBuildPhase.m; sourceTree = "<group>"; };
		BC5A4CF0116B2089003B92FA /* PBXContainerItemProxy.h */ = {isa = PBXFileReference; fileEncoding = 4; lastKnownFileType = sourcecode.c.h; path = PBXContainerItemProxy.h; sourceTree = "<group>"; };
		BC5A4CF1116B2089003B92FA /* PBXContainerItemProxy.m */ = {isa = PBXFileReference; fileEncoding = 4; lastKnownFileType = sourcecode.c.objc; path = PBXContainerItemProxy.m; sourceTree = "<group>"; };
		BC5A4CF4116B2094003B92FA /* PBXGroup.h */ = {isa = PBXFileReference; fileEncoding = 4; lastKnownFileType = sourcecode.c.h; path = PBXGroup.h; sourceTree = "<group>"; };
		BC5A4CF5116B2094003B92FA /* PBXGroup.m */ = {isa = PBXFileReference; fileEncoding = 4; lastKnownFileType = sourcecode.c.objc; path = PBXGroup.m; sourceTree = "<group>"; };
		BC5A4CF8116B20A1003B92FA /* PBXNativeTarget.h */ = {isa = PBXFileReference; fileEncoding = 4; lastKnownFileType = sourcecode.c.h; path = PBXNativeTarget.h; sourceTree = "<group>"; };
		BC5A4CF9116B20A1003B92FA /* PBXNativeTarget.m */ = {isa = PBXFileReference; fileEncoding = 4; lastKnownFileType = sourcecode.c.objc; path = PBXNativeTarget.m; sourceTree = "<group>"; };
		BC5A4CFC116B20AE003B92FA /* PBXProject.h */ = {isa = PBXFileReference; fileEncoding = 4; lastKnownFileType = sourcecode.c.h; path = PBXProject.h; sourceTree = "<group>"; };
		BC5A4CFD116B20AE003B92FA /* PBXProject.m */ = {isa = PBXFileReference; fileEncoding = 4; lastKnownFileType = sourcecode.c.objc; path = PBXProject.m; sourceTree = "<group>"; };
		BC5A4D00116B20C4003B92FA /* PBXTargetDependency.h */ = {isa = PBXFileReference; fileEncoding = 4; lastKnownFileType = sourcecode.c.h; path = PBXTargetDependency.h; sourceTree = "<group>"; };
		BC5A4D01116B20C4003B92FA /* PBXTargetDependency.m */ = {isa = PBXFileReference; fileEncoding = 4; lastKnownFileType = sourcecode.c.objc; path = PBXTargetDependency.m; sourceTree = "<group>"; };
		BC5A4D26116ED765003B92FA /* PBXCopyFilesBuildPhase.h */ = {isa = PBXFileReference; fileEncoding = 4; lastKnownFileType = sourcecode.c.h; path = PBXCopyFilesBuildPhase.h; sourceTree = "<group>"; };
		BC5A4D27116ED765003B92FA /* PBXCopyFilesBuildPhase.m */ = {isa = PBXFileReference; fileEncoding = 4; lastKnownFileType = sourcecode.c.objc; path = PBXCopyFilesBuildPhase.m; sourceTree = "<group>"; };
		BC5A4D2A116F08AB003B92FA /* PBXFileReference.h */ = {isa = PBXFileReference; fileEncoding = 4; lastKnownFileType = sourcecode.c.h; path = PBXFileReference.h; sourceTree = "<group>"; };
		BC5A4D2B116F08AB003B92FA /* PBXFileReference.m */ = {isa = PBXFileReference; fileEncoding = 4; lastKnownFileType = sourcecode.c.objc; path = PBXFileReference.m; sourceTree = "<group>"; };
		BC5A4D2E116F80F4003B92FA /* PBXFrameworksBuildPhase.h */ = {isa = PBXFileReference; fileEncoding = 4; lastKnownFileType = sourcecode.c.h; path = PBXFrameworksBuildPhase.h; sourceTree = "<group>"; };
		BC5A4D2F116F80F4003B92FA /* PBXFrameworksBuildPhase.m */ = {isa = PBXFileReference; fileEncoding = 4; lastKnownFileType = sourcecode.c.objc; path = PBXFrameworksBuildPhase.m; sourceTree = "<group>"; };
		BC5A4E0E116F86FE003B92FA /* PBXResourcesBuildPhase.h */ = {isa = PBXFileReference; fileEncoding = 4; lastKnownFileType = sourcecode.c.h; path = PBXResourcesBuildPhase.h; sourceTree = "<group>"; };
		BC5A4E0F116F86FE003B92FA /* PBXResourcesBuildPhase.m */ = {isa = PBXFileReference; fileEncoding = 4; lastKnownFileType = sourcecode.c.objc; path = PBXResourcesBuildPhase.m; sourceTree = "<group>"; };
		BC5A4E12116F8738003B92FA /* PBXSourcesBuildPhase.h */ = {isa = PBXFileReference; fileEncoding = 4; lastKnownFileType = sourcecode.c.h; path = PBXSourcesBuildPhase.h; sourceTree = "<group>"; };
		BC5A4E13116F8738003B92FA /* PBXSourcesBuildPhase.m */ = {isa = PBXFileReference; fileEncoding = 4; lastKnownFileType = sourcecode.c.objc; path = PBXSourcesBuildPhase.m; sourceTree = "<group>"; };
		BC5A4E16116F8774003B92FA /* PBXVariantGroup.h */ = {isa = PBXFileReference; fileEncoding = 4; lastKnownFileType = sourcecode.c.h; path = PBXVariantGroup.h; sourceTree = "<group>"; };
		BC5A4E17116F8774003B92FA /* PBXVariantGroup.m */ = {isa = PBXFileReference; fileEncoding = 4; lastKnownFileType = sourcecode.c.objc; path = PBXVariantGroup.m; sourceTree = "<group>"; };
		BC5A4E1A116F87A5003B92FA /* XCBuildConfiguration.h */ = {isa = PBXFileReference; fileEncoding = 4; lastKnownFileType = sourcecode.c.h; path = XCBuildConfiguration.h; sourceTree = "<group>"; };
		BC5A4E1B116F87A5003B92FA /* XCBuildConfiguration.m */ = {isa = PBXFileReference; fileEncoding = 4; lastKnownFileType = sourcecode.c.objc; path = XCBuildConfiguration.m; sourceTree = "<group>"; };
		BC5A4E321170315B003B92FA /* XCVersionGroup.h */ = {isa = PBXFileReference; fileEncoding = 4; lastKnownFileType = sourcecode.c.h; path = XCVersionGroup.h; sourceTree = "<group>"; };
		BC5A4E331170315B003B92FA /* XCVersionGroup.m */ = {isa = PBXFileReference; fileEncoding = 4; lastKnownFileType = sourcecode.c.objc; path = XCVersionGroup.m; sourceTree = "<group>"; };
		BC5A4E5411703312003B92FA /* PBXShellScriptBuildPhase.h */ = {isa = PBXFileReference; fileEncoding = 4; lastKnownFileType = sourcecode.c.h; path = PBXShellScriptBuildPhase.h; sourceTree = "<group>"; };
		BC5A4E5511703312003B92FA /* PBXShellScriptBuildPhase.m */ = {isa = PBXFileReference; fileEncoding = 4; lastKnownFileType = sourcecode.c.objc; path = PBXShellScriptBuildPhase.m; sourceTree = "<group>"; };
		BC5A4E6D11703417003B92FA /* PBXReferenceProxy.h */ = {isa = PBXFileReference; fileEncoding = 4; lastKnownFileType = sourcecode.c.h; path = PBXReferenceProxy.h; sourceTree = "<group>"; };
		BC5A4E6E11703417003B92FA /* PBXReferenceProxy.m */ = {isa = PBXFileReference; fileEncoding = 4; lastKnownFileType = sourcecode.c.objc; path = PBXReferenceProxy.m; sourceTree = "<group>"; };
		BC5A4E84117035B9003B92FA /* PBXAggregateTarget.h */ = {isa = PBXFileReference; fileEncoding = 4; lastKnownFileType = sourcecode.c.h; path = PBXAggregateTarget.h; sourceTree = "<group>"; };
		BC5A4E85117035B9003B92FA /* PBXAggregateTarget.m */ = {isa = PBXFileReference; fileEncoding = 4; lastKnownFileType = sourcecode.c.objc; path = PBXAggregateTarget.m; sourceTree = "<group>"; };
		BC9FEE211165D31100FC8C7E /* SYPBXProjLexer.h */ = {isa = PBXFileReference; fileEncoding = 4; lastKnownFileType = sourcecode.c.h; path = SYPBXProjLexer.h; sourceTree = "<group>"; };
		BC9FEE221165D31100FC8C7E /* SYPBXProjLexer.m */ = {isa = PBXFileReference; fileEncoding = 4; lastKnownFileType = sourcecode.c.objc; path = SYPBXProjLexer.m; sourceTree = "<group>"; };
		BC9FEE251165D31E00FC8C7E /* SYPBXProjParser.h */ = {isa = PBXFileReference; fileEncoding = 4; lastKnownFileType = sourcecode.c.h; path = SYPBXProjParser.h; sourceTree = "<group>"; };
		BC9FEE261165D31E00FC8C7E /* SYPBXProjParser.m */ = {isa = PBXFileReference; fileEncoding = 4; lastKnownFileType = sourcecode.c.objc; path = SYPBXProjParser.m; sourceTree = "<group>"; };
		BC9FEE291165D33000FC8C7E /* SYPBXProjArchiver.h */ = {isa = PBXFileReference; fileEncoding = 4; lastKnownFileType = sourcecode.c.h; path = SYPBXProjArchiver.h; sourceTree = "<group>"; };
		BC9FEE2A1165D33000FC8C7E /* SYPBXProjArchiver.m */ = {isa = PBXFileReference; fileEncoding = 4; lastKnownFileType = sourcecode.c.objc; path = SYPBXProjArchiver.m; sourceTree = "<group>"; };
		BC9FEE2D1165D33800FC8C7E /* SYPBXProjEncoder.h */ = {isa = PBXFileReference; fileEncoding = 4; lastKnownFileType = sourcecode.c.h; path = SYPBXProjEncoder.h; sourceTree = "<group>"; };
		BC9FEE2E1165D33800FC8C7E /* SYPBXProjEncoder.m */ = {isa = PBXFileReference; fileEncoding = 4; lastKnownFileType = sourcecode.c.objc; path = SYPBXProjEncoder.m; sourceTree = "<group>"; };
		BC9FEE311165D34A00FC8C7E /* SYPBXProjPaths.h */ = {isa = PBXFileReference; fileEncoding = 4; lastKnownFileType = sourcecode.c.h; path = SYPBXProjPaths.h; sourceTree = "<group>"; };
		BC9FEE321165D34A00FC8C7E /* SYPBXProjPaths.m */ = {isa = PBXFileReference; fileEncoding = 4; lastKnownFileType = sourcecode.c.objc; path = SYPBXProjPaths.m; sourceTree = "<group>"; };
		BC9FEE351165D7FE00FC8C7E /* RegexKitLite.m */ = {isa = PBXFileReference; fileEncoding = 4; lastKnownFileType = sourcecode.c.objc; path = RegexKitLite.m; sourceTree = "<group>"; };
		BC9FEE361165D7FE00FC8C7E /* RegexKitLite.h */ = {isa = PBXFileReference; fileEncoding = 4; lastKnownFileType = sourcecode.c.h; path = RegexKitLite.h; sourceTree = "<group>"; };
		BCD846241191DA4000D5234C /* SYXCProjFileUtils.h */ = {isa = PBXFileReference; fileEncoding = 4; lastKnownFileType = sourcecode.c.h; path = SYXCProjFileUtils.h; sourceTree = "<group>"; };
		BCD846251191DA4000D5234C /* SYXCProjFileUtils.m */ = {isa = PBXFileReference; fileEncoding = 4; lastKnownFileType = sourcecode.c.objc; path = SYXCProjFileUtils.m; sourceTree = "<group>"; };
		BCE642211328E19600DD2F43 /* PBXHeadersBuildPhase.h */ = {isa = PBXFileReference; fileEncoding = 4; lastKnownFileType = sourcecode.c.h; path = PBXHeadersBuildPhase.h; sourceTree = "<group>"; };
		BCE642221328E19600DD2F43 /* PBXHeadersBuildPhase.m */ = {isa = PBXFileReference; fileEncoding = 4; lastKnownFileType = sourcecode.c.objc; path = PBXHeadersBuildPhase.m; sourceTree = "<group>"; };
		D2F7E79907B2D74100F64583 /* CoreData.framework */ = {isa = PBXFileReference; lastKnownFileType = wrapper.framework; name = CoreData.framework; path = /System/Library/Frameworks/CoreData.framework; sourceTree = "<absolute>"; };
/* End PBXFileReference section */

/* Begin PBXFrameworksBuildPhase section */
		8DC2EF560486A6940098B216 /* Frameworks */ = {
			isa = PBXFrameworksBuildPhase;
			buildActionMask = 2147483647;
			files = (
				8DC2EF570486A6940098B216 /* Cocoa.framework in Frameworks */,
				BC5A4CA0116B0A9C003B92FA /* libicucore.dylib in Frameworks */,
			);
			runOnlyForDeploymentPostprocessing = 0;
		};
/* End PBXFrameworksBuildPhase section */

/* Begin PBXGroup section */
		034768DFFF38A50411DB9C8B /* Products */ = {
			isa = PBXGroup;
			children = (
				8DC2EF5B0486A6940098B216 /* XcodeProjectEditor.framework */,
			);
			name = Products;
			sourceTree = "<group>";
		};
		0867D691FE84028FC02AAC07 /* XcodeProjectEditor */ = {
			isa = PBXGroup;
			children = (
				08FB77AEFE84172EC02AAC07 /* Classes */,
				32C88DFF0371C24200C91783 /* Other Sources */,
				089C1665FE841158C02AAC07 /* Resources */,
				0867D69AFE84028FC02AAC07 /* External Frameworks and Libraries */,
				034768DFFF38A50411DB9C8B /* Products */,
			);
			name = XcodeProjectEditor;
			sourceTree = "<group>";
		};
		0867D69AFE84028FC02AAC07 /* External Frameworks and Libraries */ = {
			isa = PBXGroup;
			children = (
				1058C7B0FEA5585E11CA2CBB /* Linked Frameworks */,
				1058C7B2FEA5585E11CA2CBB /* Other Frameworks */,
			);
			name = "External Frameworks and Libraries";
			sourceTree = "<group>";
		};
		089C1665FE841158C02AAC07 /* Resources */ = {
			isa = PBXGroup;
			children = (
				8DC2EF5A0486A6940098B216 /* Info.plist */,
				089C1666FE841158C02AAC07 /* InfoPlist.strings */,
			);
			name = Resources;
			sourceTree = "<group>";
		};
		08FB77AEFE84172EC02AAC07 /* Classes */ = {
			isa = PBXGroup;
			children = (
				BC5A4C1E116AFE39003B92FA /* Utils */,
				BC5A4C1D116AFE1F003B92FA /* File */,
				BC5A4CE3116B202C003B92FA /* Objects */,
			);
			name = Classes;
			sourceTree = "<group>";
		};
		1058C7B0FEA5585E11CA2CBB /* Linked Frameworks */ = {
			isa = PBXGroup;
			children = (
				BC5A4C9F116B0A9C003B92FA /* libicucore.dylib */,
				1058C7B1FEA5585E11CA2CBB /* Cocoa.framework */,
			);
			name = "Linked Frameworks";
			sourceTree = "<group>";
		};
		1058C7B2FEA5585E11CA2CBB /* Other Frameworks */ = {
			isa = PBXGroup;
			children = (
				0867D6A5FE840307C02AAC07 /* AppKit.framework */,
				D2F7E79907B2D74100F64583 /* CoreData.framework */,
				0867D69BFE84028FC02AAC07 /* Foundation.framework */,
			);
			name = "Other Frameworks";
			sourceTree = "<group>";
		};
		32C88DFF0371C24200C91783 /* Other Sources */ = {
			isa = PBXGroup;
			children = (
				32DBCF5E0370ADEE00C91783 /* XcodeProjectEditor_Prefix.pch */,
			);
			name = "Other Sources";
			sourceTree = "<group>";
		};
		BC5A4C1D116AFE1F003B92FA /* File */ = {
			isa = PBXGroup;
			children = (
				BC9FEE251165D31E00FC8C7E /* SYPBXProjParser.h */,
				BC9FEE261165D31E00FC8C7E /* SYPBXProjParser.m */,
				BC9FEE291165D33000FC8C7E /* SYPBXProjArchiver.h */,
				BC9FEE2A1165D33000FC8C7E /* SYPBXProjArchiver.m */,
				BC9FEE2D1165D33800FC8C7E /* SYPBXProjEncoder.h */,
				BC9FEE2E1165D33800FC8C7E /* SYPBXProjEncoder.m */,
				BC9FEE311165D34A00FC8C7E /* SYPBXProjPaths.h */,
				BC9FEE321165D34A00FC8C7E /* SYPBXProjPaths.m */,
				BC9FEE211165D31100FC8C7E /* SYPBXProjLexer.h */,
				BC9FEE221165D31100FC8C7E /* SYPBXProjLexer.m */,
				BCD846241191DA4000D5234C /* SYXCProjFileUtils.h */,
				BCD846251191DA4000D5234C /* SYXCProjFileUtils.m */,
			);
			name = File;
			sourceTree = "<group>";
		};
		BC5A4C1E116AFE39003B92FA /* Utils */ = {
			isa = PBXGroup;
			children = (
				BC9FEE361165D7FE00FC8C7E /* RegexKitLite.h */,
				BC9FEE351165D7FE00FC8C7E /* RegexKitLite.m */,
			);
			name = Utils;
			sourceTree = "<group>";
		};
		BC5A4CE3116B202C003B92FA /* Objects */ = {
			isa = PBXGroup;
			children = (
				BC5A4E6D11703417003B92FA /* PBXReferenceProxy.h */,
				BC5A4E6E11703417003B92FA /* PBXReferenceProxy.m */,
				BC5A4E5411703312003B92FA /* PBXShellScriptBuildPhase.h */,
				BC5A4E5511703312003B92FA /* PBXShellScriptBuildPhase.m */,
				BC5A4E321170315B003B92FA /* XCVersionGroup.h */,
				BC5A4E331170315B003B92FA /* XCVersionGroup.m */,
				BC5A4E1A116F87A5003B92FA /* XCBuildConfiguration.h */,
				BC5A4E1B116F87A5003B92FA /* XCBuildConfiguration.m */,
				BC5A4E16116F8774003B92FA /* PBXVariantGroup.h */,
				BC5A4E17116F8774003B92FA /* PBXVariantGroup.m */,
				BC5A4E12116F8738003B92FA /* PBXSourcesBuildPhase.h */,
				BC5A4E13116F8738003B92FA /* PBXSourcesBuildPhase.m */,
				BC5A4E84117035B9003B92FA /* PBXAggregateTarget.h */,
				BC5A4E85117035B9003B92FA /* PBXAggregateTarget.m */,
				BC5A4D2E116F80F4003B92FA /* PBXFrameworksBuildPhase.h */,
				BC5A4D2F116F80F4003B92FA /* PBXFrameworksBuildPhase.m */,
				BCE642211328E19600DD2F43 /* PBXHeadersBuildPhase.h */,
				BCE642221328E19600DD2F43 /* PBXHeadersBuildPhase.m */,
				BC5A4D2A116F08AB003B92FA /* PBXFileReference.h */,
				BC5A4D2B116F08AB003B92FA /* PBXFileReference.m */,
				BC5A4D26116ED765003B92FA /* PBXCopyFilesBuildPhase.h */,
				BC5A4D27116ED765003B92FA /* PBXCopyFilesBuildPhase.m */,
				BC5A4CE8116B206D003B92FA /* PBXBuildFile.h */,
				BC5A4CE9116B206D003B92FA /* PBXBuildFile.m */,
				BC5A4E0E116F86FE003B92FA /* PBXResourcesBuildPhase.h */,
				BC5A4E0F116F86FE003B92FA /* PBXResourcesBuildPhase.m */,
				BC5A4CEC116B207B003B92FA /* PBXBuildPhase.h */,
				BC5A4CED116B207B003B92FA /* PBXBuildPhase.m */,
				BC5A4CF0116B2089003B92FA /* PBXContainerItemProxy.h */,
				BC5A4CF1116B2089003B92FA /* PBXContainerItemProxy.m */,
				BC5A4CF4116B2094003B92FA /* PBXGroup.h */,
				BC5A4CF5116B2094003B92FA /* PBXGroup.m */,
				BC5A4CF8116B20A1003B92FA /* PBXNativeTarget.h */,
				BC5A4CF9116B20A1003B92FA /* PBXNativeTarget.m */,
				BC5A4CFC116B20AE003B92FA /* PBXProject.h */,
				BC5A4CFD116B20AE003B92FA /* PBXProject.m */,
				BC5A4D00116B20C4003B92FA /* PBXTargetDependency.h */,
				BC5A4D01116B20C4003B92FA /* PBXTargetDependency.m */,
				BC5A4CDF116B2029003B92FA /* XcodeObject.h */,
				BC5A4CE0116B2029003B92FA /* XcodeObject.m */,
				BC5A4CE4116B2056003B92FA /* XCConfigurationList.h */,
				BC5A4CE5116B2056003B92FA /* XCConfigurationList.m */,
			);
			name = Objects;
			sourceTree = "<group>";
		};
/* End PBXGroup section */

/* Begin PBXHeadersBuildPhase section */
		8DC2EF500486A6940098B216 /* Headers */ = {
			isa = PBXHeadersBuildPhase;
			buildActionMask = 2147483647;
			files = (
				BC9FEE231165D31100FC8C7E /* SYPBXProjLexer.h in Headers */,
				BC9FEE271165D31E00FC8C7E /* SYPBXProjParser.h in Headers */,
				BC9FEE2B1165D33000FC8C7E /* SYPBXProjArchiver.h in Headers */,
				BC9FEE2F1165D33800FC8C7E /* SYPBXProjEncoder.h in Headers */,
				BC9FEE331165D34A00FC8C7E /* SYPBXProjPaths.h in Headers */,
				BC9FEE381165D7FE00FC8C7E /* RegexKitLite.h in Headers */,
				BC5A4CE1116B2029003B92FA /* XcodeObject.h in Headers */,
				BC5A4CE6116B2056003B92FA /* XCConfigurationList.h in Headers */,
				BC5A4CEA116B206D003B92FA /* PBXBuildFile.h in Headers */,
				BC5A4CEE116B207B003B92FA /* PBXBuildPhase.h in Headers */,
				BC5A4CF2116B2089003B92FA /* PBXContainerItemProxy.h in Headers */,
				BC5A4CF6116B2094003B92FA /* PBXGroup.h in Headers */,
				BC5A4CFA116B20A1003B92FA /* PBXNativeTarget.h in Headers */,
				BC5A4CFE116B20AE003B92FA /* PBXProject.h in Headers */,
				BC5A4D02116B20C4003B92FA /* PBXTargetDependency.h in Headers */,
				BC5A4D28116ED765003B92FA /* PBXCopyFilesBuildPhase.h in Headers */,
				BC5A4D2C116F08AB003B92FA /* PBXFileReference.h in Headers */,
				BC5A4D30116F80F4003B92FA /* PBXFrameworksBuildPhase.h in Headers */,
				BC5A4E10116F86FE003B92FA /* PBXResourcesBuildPhase.h in Headers */,
				BC5A4E14116F8738003B92FA /* PBXSourcesBuildPhase.h in Headers */,
				BC5A4E18116F8774003B92FA /* PBXVariantGroup.h in Headers */,
				BC5A4E1C116F87A5003B92FA /* XCBuildConfiguration.h in Headers */,
				BC5A4E341170315B003B92FA /* XCVersionGroup.h in Headers */,
				BC5A4E5611703312003B92FA /* PBXShellScriptBuildPhase.h in Headers */,
				BC5A4E6F11703417003B92FA /* PBXReferenceProxy.h in Headers */,
				BC5A4E86117035B9003B92FA /* PBXAggregateTarget.h in Headers */,
				BCD846261191DA4000D5234C /* SYXCProjFileUtils.h in Headers */,
				BCE642231328E19600DD2F43 /* PBXHeadersBuildPhase.h in Headers */,
			);
			runOnlyForDeploymentPostprocessing = 0;
		};
/* End PBXHeadersBuildPhase section */

/* Begin PBXNativeTarget section */
		8DC2EF4F0486A6940098B216 /* XcodeProjectEditor */ = {
			isa = PBXNativeTarget;
			buildConfigurationList = 1DEB91AD08733DA50010E9CD /* Build configuration list for PBXNativeTarget "XcodeProjectEditor" */;
			buildPhases = (
				8DC2EF500486A6940098B216 /* Headers */,
				8DC2EF520486A6940098B216 /* Resources */,
				8DC2EF540486A6940098B216 /* Sources */,
				8DC2EF560486A6940098B216 /* Frameworks */,
			);
			buildRules = (
			);
			dependencies = (
			);
			name = XcodeProjectEditor;
			productInstallPath = "$(HOME)/Library/Frameworks";
			productName = XcodeProjectEditor;
			productReference = 8DC2EF5B0486A6940098B216 /* XcodeProjectEditor.framework */;
			productType = "com.apple.product-type.framework";
		};
/* End PBXNativeTarget section */

/* Begin PBXProject section */
		0867D690FE84028FC02AAC07 /* Project object */ = {
			isa = PBXProject;
			buildConfigurationList = 1DEB91B108733DA50010E9CD /* Build configuration list for PBXProject "XcodeProjectEditor" */;
			compatibilityVersion = "Xcode 3.1";
			hasScannedForEncodings = 1;
			mainGroup = 0867D691FE84028FC02AAC07 /* XcodeProjectEditor */;
			productRefGroup = 034768DFFF38A50411DB9C8B /* Products */;
			projectDirPath = "";
			projectRoot = "";
			targets = (
				8DC2EF4F0486A6940098B216 /* XcodeProjectEditor */,
			);
		};
/* End PBXProject section */

/* Begin PBXResourcesBuildPhase section */
		8DC2EF520486A6940098B216 /* Resources */ = {
			isa = PBXResourcesBuildPhase;
			buildActionMask = 2147483647;
			files = (
				8DC2EF530486A6940098B216 /* InfoPlist.strings in Resources */,
			);
			runOnlyForDeploymentPostprocessing = 0;
		};
/* End PBXResourcesBuildPhase section */

/* Begin PBXSourcesBuildPhase section */
		8DC2EF540486A6940098B216 /* Sources */ = {
			isa = PBXSourcesBuildPhase;
			buildActionMask = 2147483647;
			files = (
				BC9FEE241165D31100FC8C7E /* SYPBXProjLexer.m in Sources */,
				BC9FEE281165D31E00FC8C7E /* SYPBXProjParser.m in Sources */,
				BC9FEE2C1165D33000FC8C7E /* SYPBXProjArchiver.m in Sources */,
				BC9FEE301165D33800FC8C7E /* SYPBXProjEncoder.m in Sources */,
				BC9FEE341165D34A00FC8C7E /* SYPBXProjPaths.m in Sources */,
				BC9FEE371165D7FE00FC8C7E /* RegexKitLite.m in Sources */,
				BC5A4CE2116B2029003B92FA /* XcodeObject.m in Sources */,
				BC5A4CE7116B2056003B92FA /* XCConfigurationList.m in Sources */,
				BC5A4CEB116B206D003B92FA /* PBXBuildFile.m in Sources */,
				BC5A4CEF116B207B003B92FA /* PBXBuildPhase.m in Sources */,
				BC5A4CF3116B2089003B92FA /* PBXContainerItemProxy.m in Sources */,
				BC5A4CF7116B2094003B92FA /* PBXGroup.m in Sources */,
				BC5A4CFB116B20A1003B92FA /* PBXNativeTarget.m in Sources */,
				BC5A4CFF116B20AE003B92FA /* PBXProject.m in Sources */,
				BC5A4D03116B20C4003B92FA /* PBXTargetDependency.m in Sources */,
				BC5A4D29116ED765003B92FA /* PBXCopyFilesBuildPhase.m in Sources */,
				BC5A4D2D116F08AB003B92FA /* PBXFileReference.m in Sources */,
				BC5A4D31116F80F4003B92FA /* PBXFrameworksBuildPhase.m in Sources */,
				BC5A4E11116F86FE003B92FA /* PBXResourcesBuildPhase.m in Sources */,
				BC5A4E15116F8738003B92FA /* PBXSourcesBuildPhase.m in Sources */,
				BC5A4E19116F8774003B92FA /* PBXVariantGroup.m in Sources */,
				BC5A4E1D116F87A5003B92FA /* XCBuildConfiguration.m in Sources */,
				BC5A4E351170315B003B92FA /* XCVersionGroup.m in Sources */,
				BC5A4E5711703312003B92FA /* PBXShellScriptBuildPhase.m in Sources */,
				BC5A4E7011703417003B92FA /* PBXReferenceProxy.m in Sources */,
				BC5A4E87117035B9003B92FA /* PBXAggregateTarget.m in Sources */,
				BCD846271191DA4000D5234C /* SYXCProjFileUtils.m in Sources */,
				BCE642241328E19600DD2F43 /* PBXHeadersBuildPhase.m in Sources */,
			);
			runOnlyForDeploymentPostprocessing = 0;
		};
/* End PBXSourcesBuildPhase section */

/* Begin PBXVariantGroup section */
		089C1666FE841158C02AAC07 /* InfoPlist.strings */ = {
			isa = PBXVariantGroup;
			children = (
				089C1667FE841158C02AAC07 /* English */,
			);
			name = InfoPlist.strings;
			sourceTree = "<group>";
		};
/* End PBXVariantGroup section */

/* Begin XCBuildConfiguration section */
		1DEB91AE08733DA50010E9CD /* Debug */ = {
			isa = XCBuildConfiguration;
			buildSettings = {
				ALWAYS_SEARCH_USER_PATHS = NO;
				COPY_PHASE_STRIP = NO;
				DYLIB_COMPATIBILITY_VERSION = 1;
				DYLIB_CURRENT_VERSION = 1;
				FRAMEWORK_VERSION = A;
				GCC_DYNAMIC_NO_PIC = NO;
				GCC_ENABLE_FIX_AND_CONTINUE = YES;
				GCC_MODEL_TUNING = G5;
				GCC_OPTIMIZATION_LEVEL = 0;
				GCC_PRECOMPILE_PREFIX_HEADER = YES;
				GCC_PREFIX_HEADER = XcodeProjectEditor_Prefix.pch;
				INFOPLIST_FILE = Info.plist;
				INSTALL_PATH = "$(HOME)/Library/Frameworks";
				PRODUCT_NAME = XcodeProjectEditor;
				WRAPPER_EXTENSION = framework;
			};
			name = Debug;
		};
		1DEB91AF08733DA50010E9CD /* Release */ = {
			isa = XCBuildConfiguration;
			buildSettings = {
				ALWAYS_SEARCH_USER_PATHS = NO;
				DEBUG_INFORMATION_FORMAT = "dwarf-with-dsym";
				DYLIB_COMPATIBILITY_VERSION = 1;
				DYLIB_CURRENT_VERSION = 1;
				FRAMEWORK_VERSION = A;
				GCC_MODEL_TUNING = G5;
				GCC_PRECOMPILE_PREFIX_HEADER = YES;
				GCC_PREFIX_HEADER = XcodeProjectEditor_Prefix.pch;
				INFOPLIST_FILE = Info.plist;
				INSTALL_PATH = "$(HOME)/Library/Frameworks";
				PRODUCT_NAME = XcodeProjectEditor;
				WRAPPER_EXTENSION = framework;
			};
			name = Release;
		};
		1DEB91B208733DA50010E9CD /* Debug */ = {
			isa = XCBuildConfiguration;
			buildSettings = {
				ARCHS = "$(ARCHS_STANDARD_32_BIT)";
				GCC_C_LANGUAGE_STANDARD = c99;
				GCC_OPTIMIZATION_LEVEL = 0;
				GCC_TREAT_WARNINGS_AS_ERRORS = YES;
				GCC_WARN_ABOUT_RETURN_TYPE = YES;
				GCC_WARN_UNUSED_VARIABLE = YES;
				ONLY_ACTIVE_ARCH = YES;
				PREBINDING = NO;
				SDKROOT = macosx10.5;
			};
			name = Debug;
		};
		1DEB91B308733DA50010E9CD /* Release */ = {
			isa = XCBuildConfiguration;
			buildSettings = {
				ARCHS = "$(ARCHS_STANDARD_32_BIT)";
				GCC_C_LANGUAGE_STANDARD = c99;
				GCC_WARN_ABOUT_RETURN_TYPE = YES;
				GCC_WARN_UNUSED_VARIABLE = YES;
				PREBINDING = NO;
				SDKROOT = macosx10.5;
			};
			name = Release;
		};
/* End XCBuildConfiguration section */

/* Begin XCConfigurationList section */
		1DEB91AD08733DA50010E9CD /* Build configuration list for PBXNativeTarget "XcodeProjectEditor" */ = {
			isa = XCConfigurationList;
			buildConfigurations = (
				1DEB91AE08733DA50010E9CD /* Debug */,
				1DEB91AF08733DA50010E9CD /* Release */,
			);
			defaultConfigurationIsVisible = 0;
			defaultConfigurationName = Release;
		};
		1DEB91B108733DA50010E9CD /* Build configuration list for PBXProject "XcodeProjectEditor" */ = {
			isa = XCConfigurationList;
			buildConfigurations = (
				1DEB91B208733DA50010E9CD /* Debug */,
				1DEB91B308733DA50010E9CD /* Release */,
			);
			defaultConfigurationIsVisible = 0;
			defaultConfigurationName = Release;
		};
/* End XCConfigurationList section */
	};
	rootObject = 0867D690FE84028FC02AAC07 /* Project object */;
}
