// !$*UTF8*$!
{
	archiveVersion = 1;
	classes = {
	};
	objectVersion = 45;
	objects = {

/* Begin PBXBuildFile section */
		8DC2EF530486A6940098B216 /* InfoPlist.strings in Resources */ = {isa = PBXBuildFile; fileRef = 089C1666FE841158C02AAC07 /* InfoPlist.strings */; };
		8DC2EF570486A6940098B216 /* Cocoa.framework in Frameworks */ = {isa = PBXBuildFile; fileRef = 1058C7B1FEA5585E11CA2CBB /* Cocoa.framework */; };
		BC5A4CA0116B0A9C003B92FA /* libicucore.dylib in Frameworks */ = {isa = PBXBuildFile; fileRef = BC5A4C9F116B0A9C003B92FA /* libicucore.dylib */; };
		BC9FEE231165D31100FC8C7E /* SYPBXProjLexer.h in Headers */ = {isa = PBXBuildFile; fileRef = BC9FEE211165D31100FC8C7E /* SYPBXProjLexer.h */; };
		BC9FEE241165D31100FC8C7E /* SYPBXProjLexer.m in Sources */ = {isa = PBXBuildFile; fileRef = BC9FEE221165D31100FC8C7E /* SYPBXProjLexer.m */; };
		BC9FEE271165D31E00FC8C7E /* SYPBXProjParser.h in Headers */ = {isa = PBXBuildFile; fileRef = BC9FEE251165D31E00FC8C7E /* SYPBXProjParser.h */; };
		BC9FEE281165D31E00FC8C7E /* SYPBXProjParser.m in Sources */ = {isa = PBXBuildFile; fileRef = BC9FEE261165D31E00FC8C7E /* SYPBXProjParser.m */; };
		BC9FEE2B1165D33000FC8C7E /* SYPBXProjArchiver.h in Headers */ = {isa = PBXBuildFile; fileRef = BC9FEE291165D33000FC8C7E /* SYPBXProjArchiver.h */; };
		BC9FEE2C1165D33000FC8C7E /* SYPBXProjArchiver.m in Sources */ = {isa = PBXBuildFile; fileRef = BC9FEE2A1165D33000FC8C7E /* SYPBXProjArchiver.m */; };
		BC9FEE2F1165D33800FC8C7E /* SYPBXProjEncoder.h in Headers */ = {isa = PBXBuildFile; fileRef = BC9FEE2D1165D33800FC8C7E /* SYPBXProjEncoder.h */; };
		BC9FEE301165D33800FC8C7E /* SYPBXProjEncoder.m in Sources */ = {isa = PBXBuildFile; fileRef = BC9FEE2E1165D33800FC8C7E /* SYPBXProjEncoder.m */; };
		BC9FEE331165D34A00FC8C7E /* SYPBXProjPaths.h in Headers */ = {isa = PBXBuildFile; fileRef = BC9FEE311165D34A00FC8C7E /* SYPBXProjPaths.h */; };
		BC9FEE341165D34A00FC8C7E /* SYPBXProjPaths.m in Sources */ = {isa = PBXBuildFile; fileRef = BC9FEE321165D34A00FC8C7E /* SYPBXProjPaths.m */; };
		BC9FEE371165D7FE00FC8C7E /* RegexKitLite.m in Sources */ = {isa = PBXBuildFile; fileRef = BC9FEE351165D7FE00FC8C7E /* RegexKitLite.m */; };
		BC9FEE381165D7FE00FC8C7E /* RegexKitLite.h in Headers */ = {isa = PBXBuildFile; fileRef = BC9FEE361165D7FE00FC8C7E /* RegexKitLite.h */; };
/* End PBXBuildFile section */

/* Begin PBXFileReference section */
		0867D69BFE84028FC02AAC07 /* Foundation.framework */ = {isa = PBXFileReference; lastKnownFileType = wrapper.framework; name = Foundation.framework; path = /System/Library/Frameworks/Foundation.framework; sourceTree = "<absolute>"; };
		0867D6A5FE840307C02AAC07 /* AppKit.framework */ = {isa = PBXFileReference; lastKnownFileType = wrapper.framework; name = AppKit.framework; path = /System/Library/Frameworks/AppKit.framework; sourceTree = "<absolute>"; };
		089C1667FE841158C02AAC07 /* English */ = {isa = PBXFileReference; fileEncoding = 10; lastKnownFileType = text.plist.strings; name = English; path = English.lproj/InfoPlist.strings; sourceTree = "<group>"; };
		1058C7B1FEA5585E11CA2CBB /* Cocoa.framework */ = {isa = PBXFileReference; lastKnownFileType = wrapper.framework; name = Cocoa.framework; path = /System/Library/Frameworks/Cocoa.framework; sourceTree = "<absolute>"; };
		32DBCF5E0370ADEE00C91783 /* XcodeProjectEditor_Prefix.pch */ = {isa = PBXFileReference; fileEncoding = 4; lastKnownFileType = sourcecode.c.h; path = XcodeProjectEditor_Prefix.pch; sourceTree = "<group>"; };
		8DC2EF5A0486A6940098B216 /* Info.plist */ = {isa = PBXFileReference; fileEncoding = 4; lastKnownFileType = text.plist.xml; path = Info.plist; sourceTree = "<group>"; };
		8DC2EF5B0486A6940098B216 /* XcodeProjectEditor.framework */ = {isa = PBXFileReference; explicitFileType = wrapper.framework; includeInIndex = 0; path = XcodeProjectEditor.framework; sourceTree = BUILT_PRODUCTS_DIR; };
		BC5A4C9F116B0A9C003B92FA /* libicucore.dylib */ = {isa = PBXFileReference; lastKnownFileType = "compiled.mach-o.dylib"; name = libicucore.dylib; path = /usr/lib/libicucore.dylib; sourceTree = "<absolute>"; };
		BC9FEE211165D31100FC8C7E /* SYPBXProjLexer.h */ = {isa = PBXFileReference; fileEncoding = 4; lastKnownFileType = sourcecode.c.h; path = SYPBXProjLexer.h; sourceTree = "<group>"; };
		BC9FEE221165D31100FC8C7E /* SYPBXProjLexer.m */ = {isa = PBXFileReference; fileEncoding = 4; lastKnownFileType = sourcecode.c.objc; path = SYPBXProjLexer.m; sourceTree = "<group>"; };
		BC9FEE251165D31E00FC8C7E /* SYPBXProjParser.h */ = {isa = PBXFileReference; fileEncoding = 4; lastKnownFileType = sourcecode.c.h; path = SYPBXProjParser.h; sourceTree = "<group>"; };
		BC9FEE261165D31E00FC8C7E /* SYPBXProjParser.m */ = {isa = PBXFileReference; fileEncoding = 4; lastKnownFileType = sourcecode.c.objc; path = SYPBXProjParser.m; sourceTree = "<group>"; };
		BC9FEE291165D33000FC8C7E /* SYPBXProjArchiver.h */ = {isa = PBXFileReference; fileEncoding = 4; lastKnownFileType = sourcecode.c.h; path = SYPBXProjArchiver.h; sourceTree = "<group>"; };
		BC9FEE2A1165D33000FC8C7E /* SYPBXProjArchiver.m */ = {isa = PBXFileReference; fileEncoding = 4; lastKnownFileType = sourcecode.c.objc; path = SYPBXProjArchiver.m; sourceTree = "<group>"; };
		BC9FEE2D1165D33800FC8C7E /* SYPBXProjEncoder.h */ = {isa = PBXFileReference; fileEncoding = 4; lastKnownFileType = sourcecode.c.h; path = SYPBXProjEncoder.h; sourceTree = "<group>"; };
		BC9FEE2E1165D33800FC8C7E /* SYPBXProjEncoder.m */ = {isa = PBXFileReference; fileEncoding = 4; lastKnownFileType = sourcecode.c.objc; path = SYPBXProjEncoder.m; sourceTree = "<group>"; };
		BC9FEE311165D34A00FC8C7E /* SYPBXProjPaths.h */ = {isa = PBXFileReference; fileEncoding = 4; lastKnownFileType = sourcecode.c.h; path = SYPBXProjPaths.h; sourceTree = "<group>"; };
		BC9FEE321165D34A00FC8C7E /* SYPBXProjPaths.m */ = {isa = PBXFileReference; fileEncoding = 4; lastKnownFileType = sourcecode.c.objc; path = SYPBXProjPaths.m; sourceTree = "<group>"; };
		BC9FEE351165D7FE00FC8C7E /* RegexKitLite.m */ = {isa = PBXFileReference; fileEncoding = 4; lastKnownFileType = sourcecode.c.objc; path = RegexKitLite.m; sourceTree = "<group>"; };
		BC9FEE361165D7FE00FC8C7E /* RegexKitLite.h */ = {isa = PBXFileReference; fileEncoding = 4; lastKnownFileType = sourcecode.c.h; path = RegexKitLite.h; sourceTree = "<group>"; };
		D2F7E79907B2D74100F64583 /* CoreData.framework */ = {isa = PBXFileReference; lastKnownFileType = wrapper.framework; name = CoreData.framework; path = /System/Library/Frameworks/CoreData.framework; sourceTree = "<absolute>"; };
/* End PBXFileReference section */

/* Begin PBXFrameworksBuildPhase section */
		8DC2EF560486A6940098B216 /* Frameworks */ = {
			isa = PBXFrameworksBuildPhase;
			buildActionMask = 2147483647;
			files = (
				8DC2EF570486A6940098B216 /* Cocoa.framework in Frameworks */,
				BC5A4CA0116B0A9C003B92FA /* libicucore.dylib in Frameworks */,
			);
			runOnlyForDeploymentPostprocessing = 0;
		};
/* End PBXFrameworksBuildPhase section */

/* Begin PBXGroup section */
		034768DFFF38A50411DB9C8B /* Products */ = {
			isa = PBXGroup;
			children = (
				8DC2EF5B0486A6940098B216 /* XcodeProjectEditor.framework */,
			);
			name = Products;
			sourceTree = "<group>";
		};
		0867D691FE84028FC02AAC07 /* XcodeProjectEditor */ = {
			isa = PBXGroup;
			children = (
				08FB77AEFE84172EC02AAC07 /* Classes */,
				32C88DFF0371C24200C91783 /* Other Sources */,
				089C1665FE841158C02AAC07 /* Resources */,
				0867D69AFE84028FC02AAC07 /* External Frameworks and Libraries */,
				034768DFFF38A50411DB9C8B /* Products */,
			);
			name = XcodeProjectEditor;
			sourceTree = "<group>";
		};
		0867D69AFE84028FC02AAC07 /* External Frameworks and Libraries */ = {
			isa = PBXGroup;
			children = (
				1058C7B0FEA5585E11CA2CBB /* Linked Frameworks */,
				1058C7B2FEA5585E11CA2CBB /* Other Frameworks */,
			);
			name = "External Frameworks and Libraries";
			sourceTree = "<group>";
		};
		089C1665FE841158C02AAC07 /* Resources */ = {
			isa = PBXGroup;
			children = (
				8DC2EF5A0486A6940098B216 /* Info.plist */,
				089C1666FE841158C02AAC07 /* InfoPlist.strings */,
			);
			name = Resources;
			sourceTree = "<group>";
		};
		08FB77AEFE84172EC02AAC07 /* Classes */ = {
			isa = PBXGroup;
			children = (
				BC5A4C1E116AFE39003B92FA /* Utils */,
				BC5A4C1D116AFE1F003B92FA /* File */,
			);
			name = Classes;
			sourceTree = "<group>";
		};
		1058C7B0FEA5585E11CA2CBB /* Linked Frameworks */ = {
			isa = PBXGroup;
			children = (
				BC5A4C9F116B0A9C003B92FA /* libicucore.dylib */,
				1058C7B1FEA5585E11CA2CBB /* Cocoa.framework */,
			);
			name = "Linked Frameworks";
			sourceTree = "<group>";
		};
		1058C7B2FEA5585E11CA2CBB /* Other Frameworks */ = {
			isa = PBXGroup;
			children = (
				0867D6A5FE840307C02AAC07 /* AppKit.framework */,
				D2F7E79907B2D74100F64583 /* CoreData.framework */,
				0867D69BFE84028FC02AAC07 /* Foundation.framework */,
			);
			name = "Other Frameworks";
			sourceTree = "<group>";
		};
		32C88DFF0371C24200C91783 /* Other Sources */ = {
			isa = PBXGroup;
			children = (
				32DBCF5E0370ADEE00C91783 /* XcodeProjectEditor_Prefix.pch */,
			);
			name = "Other Sources";
			sourceTree = "<group>";
		};
		BC5A4C1D116AFE1F003B92FA /* File */ = {
			isa = PBXGroup;
			children = (
				BC9FEE251165D31E00FC8C7E /* SYPBXProjParser.h */,
				BC9FEE261165D31E00FC8C7E /* SYPBXProjParser.m */,
				BC9FEE291165D33000FC8C7E /* SYPBXProjArchiver.h */,
				BC9FEE2A1165D33000FC8C7E /* SYPBXProjArchiver.m */,
				BC9FEE2D1165D33800FC8C7E /* SYPBXProjEncoder.h */,
				BC9FEE2E1165D33800FC8C7E /* SYPBXProjEncoder.m */,
				BC9FEE311165D34A00FC8C7E /* SYPBXProjPaths.h */,
				BC9FEE321165D34A00FC8C7E /* SYPBXProjPaths.m */,
				BC9FEE211165D31100FC8C7E /* SYPBXProjLexer.h */,
				BC9FEE221165D31100FC8C7E /* SYPBXProjLexer.m */,
			);
			name = File;
			sourceTree = "<group>";
		};
		BC5A4C1E116AFE39003B92FA /* Utils */ = {
			isa = PBXGroup;
			children = (
				BC9FEE361165D7FE00FC8C7E /* RegexKitLite.h */,
				BC9FEE351165D7FE00FC8C7E /* RegexKitLite.m */,
			);
			name = Utils;
			sourceTree = "<group>";
		};
/* End PBXGroup section */

/* Begin PBXHeadersBuildPhase section */
		8DC2EF500486A6940098B216 /* Headers */ = {
			isa = PBXHeadersBuildPhase;
			buildActionMask = 2147483647;
			files = (
				BC9FEE231165D31100FC8C7E /* SYPBXProjLexer.h in Headers */,
				BC9FEE271165D31E00FC8C7E /* SYPBXProjParser.h in Headers */,
				BC9FEE2B1165D33000FC8C7E /* SYPBXProjArchiver.h in Headers */,
				BC9FEE2F1165D33800FC8C7E /* SYPBXProjEncoder.h in Headers */,
				BC9FEE331165D34A00FC8C7E /* SYPBXProjPaths.h in Headers */,
				BC9FEE381165D7FE00FC8C7E /* RegexKitLite.h in Headers */,
			);
			runOnlyForDeploymentPostprocessing = 0;
		};
/* End PBXHeadersBuildPhase section */

/* Begin PBXNativeTarget section */
		8DC2EF4F0486A6940098B216 /* XcodeProjectEditor */ = {
			isa = PBXNativeTarget;
			buildConfigurationList = 1DEB91AD08733DA50010E9CD /* Build configuration list for PBXNativeTarget "XcodeProjectEditor" */;
			buildPhases = (
				8DC2EF500486A6940098B216 /* Headers */,
				8DC2EF520486A6940098B216 /* Resources */,
				8DC2EF540486A6940098B216 /* Sources */,
				8DC2EF560486A6940098B216 /* Frameworks */,
			);
			buildRules = (
			);
			dependencies = (
			);
			name = XcodeProjectEditor;
			productInstallPath = "$(HOME)/Library/Frameworks";
			productName = XcodeProjectEditor;
			productReference = 8DC2EF5B0486A6940098B216 /* XcodeProjectEditor.framework */;
			productType = "com.apple.product-type.framework";
		};
/* End PBXNativeTarget section */

/* Begin PBXProject section */
		0867D690FE84028FC02AAC07 /* Project object */ = {
			isa = PBXProject;
			buildConfigurationList = 1DEB91B108733DA50010E9CD /* Build configuration list for PBXProject "XcodeProjectEditor" */;
			compatibilityVersion = "Xcode 3.1";
			hasScannedForEncodings = 1;
			mainGroup = 0867D691FE84028FC02AAC07 /* XcodeProjectEditor */;
			productRefGroup = 034768DFFF38A50411DB9C8B /* Products */;
			projectDirPath = "";
			projectRoot = "";
			targets = (
				8DC2EF4F0486A6940098B216 /* XcodeProjectEditor */,
			);
		};
/* End PBXProject section */

/* Begin PBXResourcesBuildPhase section */
		8DC2EF520486A6940098B216 /* Resources */ = {
			isa = PBXResourcesBuildPhase;
			buildActionMask = 2147483647;
			files = (
				8DC2EF530486A6940098B216 /* InfoPlist.strings in Resources */,
			);
			runOnlyForDeploymentPostprocessing = 0;
		};
/* End PBXResourcesBuildPhase section */

/* Begin PBXSourcesBuildPhase section */
		8DC2EF540486A6940098B216 /* Sources */ = {
			isa = PBXSourcesBuildPhase;
			buildActionMask = 2147483647;
			files = (
				BC9FEE241165D31100FC8C7E /* SYPBXProjLexer.m in Sources */,
				BC9FEE281165D31E00FC8C7E /* SYPBXProjParser.m in Sources */,
				BC9FEE2C1165D33000FC8C7E /* SYPBXProjArchiver.m in Sources */,
				BC9FEE301165D33800FC8C7E /* SYPBXProjEncoder.m in Sources */,
				BC9FEE341165D34A00FC8C7E /* SYPBXProjPaths.m in Sources */,
				BC9FEE371165D7FE00FC8C7E /* RegexKitLite.m in Sources */,
			);
			runOnlyForDeploymentPostprocessing = 0;
		};
/* End PBXSourcesBuildPhase section */

/* Begin PBXVariantGroup section */
		089C1666FE841158C02AAC07 /* InfoPlist.strings */ = {
			isa = PBXVariantGroup;
			children = (
				089C1667FE841158C02AAC07 /* English */,
			);
			name = InfoPlist.strings;
			sourceTree = "<group>";
		};
/* End PBXVariantGroup section */

/* Begin XCBuildConfiguration section */
		1DEB91AE08733DA50010E9CD /* Debug */ = {
			isa = XCBuildConfiguration;
			buildSettings = {
				ALWAYS_SEARCH_USER_PATHS = NO;
				COPY_PHASE_STRIP = NO;
				DYLIB_COMPATIBILITY_VERSION = 1;
				DYLIB_CURRENT_VERSION = 1;
				FRAMEWORK_VERSION = A;
				GCC_DYNAMIC_NO_PIC = NO;
				GCC_ENABLE_FIX_AND_CONTINUE = YES;
				GCC_MODEL_TUNING = G5;
				GCC_OPTIMIZATION_LEVEL = 0;
				GCC_PRECOMPILE_PREFIX_HEADER = YES;
				GCC_PREFIX_HEADER = XcodeProjectEditor_Prefix.pch;
				INFOPLIST_FILE = Info.plist;
				INSTALL_PATH = "$(HOME)/Library/Frameworks";
				PRODUCT_NAME = XcodeProjectEditor;
				WRAPPER_EXTENSION = framework;
			};
			name = Debug;
		};
		1DEB91AF08733DA50010E9CD /* Release */ = {
			isa = XCBuildConfiguration;
			buildSettings = {
				ALWAYS_SEARCH_USER_PATHS = NO;
				DEBUG_INFORMATION_FORMAT = "dwarf-with-dsym";
				DYLIB_COMPATIBILITY_VERSION = 1;
				DYLIB_CURRENT_VERSION = 1;
				FRAMEWORK_VERSION = A;
				GCC_MODEL_TUNING = G5;
				GCC_PRECOMPILE_PREFIX_HEADER = YES;
				GCC_PREFIX_HEADER = XcodeProjectEditor_Prefix.pch;
				INFOPLIST_FILE = Info.plist;
				INSTALL_PATH = "$(HOME)/Library/Frameworks";
				PRODUCT_NAME = XcodeProjectEditor;
				WRAPPER_EXTENSION = framework;
			};
			name = Release;
		};
		1DEB91B208733DA50010E9CD /* Debug */ = {
			isa = XCBuildConfiguration;
			buildSettings = {
				ARCHS = "$(ARCHS_STANDARD_32_BIT)";
				GCC_C_LANGUAGE_STANDARD = c99;
				GCC_OPTIMIZATION_LEVEL = 0;
				GCC_WARN_ABOUT_RETURN_TYPE = YES;
				GCC_WARN_UNUSED_VARIABLE = YES;
				ONLY_ACTIVE_ARCH = YES;
				PREBINDING = NO;
				SDKROOT = macosx10.5;
			};
			name = Debug;
		};
		1DEB91B308733DA50010E9CD /* Release */ = {
			isa = XCBuildConfiguration;
			buildSettings = {
				ARCHS = "$(ARCHS_STANDARD_32_BIT)";
				GCC_C_LANGUAGE_STANDARD = c99;
				GCC_WARN_ABOUT_RETURN_TYPE = YES;
				GCC_WARN_UNUSED_VARIABLE = YES;
				PREBINDING = NO;
				SDKROOT = macosx10.5;
			};
			name = Release;
		};
/* End XCBuildConfiguration section */

/* Begin XCConfigurationList section */
		1DEB91AD08733DA50010E9CD /* Build configuration list for PBXNativeTarget "XcodeProjectEditor" */ = {
			isa = XCConfigurationList;
			buildConfigurations = (
				1DEB91AE08733DA50010E9CD /* Debug */,
				1DEB91AF08733DA50010E9CD /* Release */,
			);
			defaultConfigurationIsVisible = 0;
			defaultConfigurationName = Release;
		};
		1DEB91B108733DA50010E9CD /* Build configuration list for PBXProject "XcodeProjectEditor" */ = {
			isa = XCConfigurationList;
			buildConfigurations = (
				1DEB91B208733DA50010E9CD /* Debug */,
				1DEB91B308733DA50010E9CD /* Release */,
			);
			defaultConfigurationIsVisible = 0;
			defaultConfigurationName = Release;
		};
/* End XCConfigurationList section */
	};
	rootObject = 0867D690FE84028FC02AAC07 /* Project object */;
}
